<Solution>
  <Folder Name="/sln/Eigenverft.WebLib.SerilogRelayReceiver/">
    <File Path="Readme.md" />
    <File Path="INITIAL-DESIGN-DIRECTION.md" />
  </Folder>
  <Folder Name="/prj/">
    <Project Path="../../prj/Eigenverft.WebLib.SerilogRelayReceiver.Tests/Eigenverft.WebLib.SerilogRelayReceiver.Tests.csproj" />
    <Project Path="../../prj/Eigenverft.WebLib.SerilogRelayReceiver/Eigenverft.WebLib.SerilogRelayReceiver.csproj" />
  </Folder>
</Solution>
