<Solution>
  <!-- Paths are relative to this file's final location.
       PlaceSolutionInSolutionFolder true  → src/sln/Eigenverft.WebLib.RequestTrafficShaping/Eigenverft.WebLib.RequestTrafficShaping.slnx
         (Readme.md beside this file; projects are ../../prj/).
       PlaceSolutionInSolutionFolder false → repo root, so src/prj/ and src/sln/. -->
  <Folder Name="/sln/Eigenverft.WebLib.RequestTrafficShaping/">
    <File Path="Readme.md" />
  </Folder>
  <Folder Name="/prj/">
    <Project Path="../../prj/Eigenverft.WebLib.RequestTrafficShaping.Tests/Eigenverft.WebLib.RequestTrafficShaping.Tests.csproj" />
    <Project Path="../../prj/Eigenverft.WebLib.RequestTrafficShaping/Eigenverft.WebLib.RequestTrafficShaping.csproj" />
  </Folder>
</Solution>
